
Microsoft Visual Studio Solution File, Format Version 12.00
# Visual Studio Version 17
VisualStudioVersion = 17.6.33829.357
MinimumVisualStudioVersion = 10.0.40219.1
Project("{FAE04EC0-301F-11D3-BF4B-00C04F79EFBC}") = "ExercicioBiblioteca", "ExercicioBiblioteca\ExercicioBiblioteca.csproj", "{57A8E43E-2FC2-4616-94C3-E7B63D450F92}"
EndProject
Global
	GlobalSection(SolutionConfigurationPlatforms) = preSolution
		Debug|Any CPU = Debug|Any CPU
		Release|Any CPU = Release|Any CPU
	EndGlobalSection
	GlobalSection(ProjectConfigurationPlatforms) = postSolution
		{57A8E43E-2FC2-4616-94C3-E7B63D450F92}.Debug|Any CPU.ActiveCfg = Debug|Any CPU
		{57A8E43E-2FC2-4616-94C3-E7B63D450F92}.Debug|Any CPU.Build.0 = Debug|Any CPU
		{57A8E43E-2FC2-4616-94C3-E7B63D450F92}.Release|Any CPU.ActiveCfg = Release|Any CPU
		{57A8E43E-2FC2-4616-94C3-E7B63D450F92}.Release|Any CPU.Build.0 = Release|Any CPU
	EndGlobalSection
	GlobalSection(SolutionProperties) = preSolution
		HideSolutionNode = FALSE
	EndGlobalSection
	GlobalSection(ExtensibilityGlobals) = postSolution
		SolutionGuid = {F460FBC7-3C13-48FF-875E-9824B75F9A88}
	EndGlobalSection
EndGlobal
